
Microsoft Visual Studio Solution File, Format Version 12.00
# Visual Studio Version 17
VisualStudioVersion = 17.14.36401.2 d17.14
MinimumVisualStudioVersion = 10.0.40219.1
Project("{FAE04EC0-301F-11D3-BF4B-00C04F79EFBC}") = "Renamer", "Renamer\Renamer.csproj", "{B9BB1871-35D5-4C5E-A2B5-FEE0E58E46E4}"
EndProject
Global
	GlobalSection(SolutionConfigurationPlatforms) = preSolution
		Debug|Any CPU = Debug|Any CPU
		Release|Any CPU = Release|Any CPU
	EndGlobalSection
	GlobalSection(ProjectConfigurationPlatforms) = postSolution
		{B9BB1871-35D5-4C5E-A2B5-FEE0E58E46E4}.Debug|Any CPU.ActiveCfg = Debug|Any CPU
		{B9BB1871-35D5-4C5E-A2B5-FEE0E58E46E4}.Debug|Any CPU.Build.0 = Debug|Any CPU
		{B9BB1871-35D5-4C5E-A2B5-FEE0E58E46E4}.Release|Any CPU.ActiveCfg = Release|Any CPU
		{B9BB1871-35D5-4C5E-A2B5-FEE0E58E46E4}.Release|Any CPU.Build.0 = Release|Any CPU
	EndGlobalSection
	GlobalSection(SolutionProperties) = preSolution
		HideSolutionNode = FALSE
	EndGlobalSection
	GlobalSection(ExtensibilityGlobals) = postSolution
		SolutionGuid = {A9F4A9ED-003B-4BE1-9135-CDA0E68CFC95}
	EndGlobalSection
EndGlobal
